
Microsoft Visual Studio Solution File, Format Version 12.00
# Visual Studio Version 16
VisualStudioVersion = 16.0.30804.86
MinimumVisualStudioVersion = 10.0.40219.1
Project("{2150E333-8FDC-42A3-9474-1A3956D46DE8}") = "src", "src", "{D58A607F-BFD0-4E40-B0B1-EB4A7BC42B42}"
EndProject
Project("{2150E333-8FDC-42A3-9474-1A3956D46DE8}") = "Libaries", "Libaries", "{11522E5E-DB26-4885-96F6-C1C02A325451}"
EndProject
Project("{2150E333-8FDC-42A3-9474-1A3956D46DE8}") = "Presantation", "Presantation", "{957B6B3E-D426-4267-8AA5-307E226E83EA}"
EndProject
Project("{FAE04EC0-301F-11D3-BF4B-00C04F79EFBC}") = "Infrastructure", "src\Libaries\ClassLibrary1\Infrastructure.csproj", "{7D604FB4-FFD5-4C89-8D02-FC1C4978C59E}"
EndProject
Project("{FAE04EC0-301F-11D3-BF4B-00C04F79EFBC}") = "DataAccess", "src\Libaries\DataAccess\DataAccess.csproj", "{A728A6AC-E5FB-47E8-8479-AEA8FA6C8488}"
EndProject
Project("{FAE04EC0-301F-11D3-BF4B-00C04F79EFBC}") = "Entities", "src\Libaries\Entities\Entities.csproj", "{02C41D5F-6D5E-4DB8-B16E-EA5B1E3CA7F0}"
EndProject
Project("{2150E333-8FDC-42A3-9474-1A3956D46DE8}") = "ConfigurationBootstrap", "ConfigurationBootstrap", "{535D7251-E88D-43CA-9D66-3DADADE9E97D}"
EndProject
Project("{FAE04EC0-301F-11D3-BF4B-00C04F79EFBC}") = "Executer", "ConfigurationBootstrap\Executer\Executer.csproj", "{BE26C3EA-A900-4BE3-AF0E-5E2895C46A6E}"
EndProject
Project("{FAE04EC0-301F-11D3-BF4B-00C04F79EFBC}") = "Services", "src\Libaries\Services\Services.csproj", "{F0A90EF6-EA16-4E23-95D8-FFC64A2E36E7}"
EndProject
Project("{FAE04EC0-301F-11D3-BF4B-00C04F79EFBC}") = "WebAPI", "Presantation\WebAPI\WebAPI.csproj", "{9702DBB4-2404-4F4F-B3FC-1A037FC36048}"
EndProject
Global
	GlobalSection(SolutionConfigurationPlatforms) = preSolution
		Debug|Any CPU = Debug|Any CPU
		Release|Any CPU = Release|Any CPU
	EndGlobalSection
	GlobalSection(ProjectConfigurationPlatforms) = postSolution
		{7D604FB4-FFD5-4C89-8D02-FC1C4978C59E}.Debug|Any CPU.ActiveCfg = Debug|Any CPU
		{7D604FB4-FFD5-4C89-8D02-FC1C4978C59E}.Debug|Any CPU.Build.0 = Debug|Any CPU
		{7D604FB4-FFD5-4C89-8D02-FC1C4978C59E}.Release|Any CPU.ActiveCfg = Release|Any CPU
		{7D604FB4-FFD5-4C89-8D02-FC1C4978C59E}.Release|Any CPU.Build.0 = Release|Any CPU
		{A728A6AC-E5FB-47E8-8479-AEA8FA6C8488}.Debug|Any CPU.ActiveCfg = Debug|Any CPU
		{A728A6AC-E5FB-47E8-8479-AEA8FA6C8488}.Debug|Any CPU.Build.0 = Debug|Any CPU
		{A728A6AC-E5FB-47E8-8479-AEA8FA6C8488}.Release|Any CPU.ActiveCfg = Release|Any CPU
		{A728A6AC-E5FB-47E8-8479-AEA8FA6C8488}.Release|Any CPU.Build.0 = Release|Any CPU
		{02C41D5F-6D5E-4DB8-B16E-EA5B1E3CA7F0}.Debug|Any CPU.ActiveCfg = Debug|Any CPU
		{02C41D5F-6D5E-4DB8-B16E-EA5B1E3CA7F0}.Debug|Any CPU.Build.0 = Debug|Any CPU
		{02C41D5F-6D5E-4DB8-B16E-EA5B1E3CA7F0}.Release|Any CPU.ActiveCfg = Release|Any CPU
		{02C41D5F-6D5E-4DB8-B16E-EA5B1E3CA7F0}.Release|Any CPU.Build.0 = Release|Any CPU
		{BE26C3EA-A900-4BE3-AF0E-5E2895C46A6E}.Debug|Any CPU.ActiveCfg = Debug|Any CPU
		{BE26C3EA-A900-4BE3-AF0E-5E2895C46A6E}.Debug|Any CPU.Build.0 = Debug|Any CPU
		{BE26C3EA-A900-4BE3-AF0E-5E2895C46A6E}.Release|Any CPU.ActiveCfg = Release|Any CPU
		{BE26C3EA-A900-4BE3-AF0E-5E2895C46A6E}.Release|Any CPU.Build.0 = Release|Any CPU
		{F0A90EF6-EA16-4E23-95D8-FFC64A2E36E7}.Debug|Any CPU.ActiveCfg = Debug|Any CPU
		{F0A90EF6-EA16-4E23-95D8-FFC64A2E36E7}.Debug|Any CPU.Build.0 = Debug|Any CPU
		{F0A90EF6-EA16-4E23-95D8-FFC64A2E36E7}.Release|Any CPU.ActiveCfg = Release|Any CPU
		{F0A90EF6-EA16-4E23-95D8-FFC64A2E36E7}.Release|Any CPU.Build.0 = Release|Any CPU
		{9702DBB4-2404-4F4F-B3FC-1A037FC36048}.Debug|Any CPU.ActiveCfg = Debug|Any CPU
		{9702DBB4-2404-4F4F-B3FC-1A037FC36048}.Debug|Any CPU.Build.0 = Debug|Any CPU
		{9702DBB4-2404-4F4F-B3FC-1A037FC36048}.Release|Any CPU.ActiveCfg = Release|Any CPU
		{9702DBB4-2404-4F4F-B3FC-1A037FC36048}.Release|Any CPU.Build.0 = Release|Any CPU
	EndGlobalSection
	GlobalSection(SolutionProperties) = preSolution
		HideSolutionNode = FALSE
	EndGlobalSection
	GlobalSection(NestedProjects) = preSolution
		{11522E5E-DB26-4885-96F6-C1C02A325451} = {D58A607F-BFD0-4E40-B0B1-EB4A7BC42B42}
		{957B6B3E-D426-4267-8AA5-307E226E83EA} = {D58A607F-BFD0-4E40-B0B1-EB4A7BC42B42}
		{7D604FB4-FFD5-4C89-8D02-FC1C4978C59E} = {11522E5E-DB26-4885-96F6-C1C02A325451}
		{A728A6AC-E5FB-47E8-8479-AEA8FA6C8488} = {11522E5E-DB26-4885-96F6-C1C02A325451}
		{02C41D5F-6D5E-4DB8-B16E-EA5B1E3CA7F0} = {11522E5E-DB26-4885-96F6-C1C02A325451}
		{535D7251-E88D-43CA-9D66-3DADADE9E97D} = {D58A607F-BFD0-4E40-B0B1-EB4A7BC42B42}
		{BE26C3EA-A900-4BE3-AF0E-5E2895C46A6E} = {535D7251-E88D-43CA-9D66-3DADADE9E97D}
		{F0A90EF6-EA16-4E23-95D8-FFC64A2E36E7} = {11522E5E-DB26-4885-96F6-C1C02A325451}
		{9702DBB4-2404-4F4F-B3FC-1A037FC36048} = {957B6B3E-D426-4267-8AA5-307E226E83EA}
	EndGlobalSection
	GlobalSection(ExtensibilityGlobals) = postSolution
		SolutionGuid = {049D7C7D-EBD2-42A8-8F12-B4BDB0332122}
	EndGlobalSection
EndGlobal
